<?xml version="1.0" encoding="utf-8"?>
<Project ToolsVersion="14.0" xmlns="http://schemas.microsoft.com/developer/msbuild/2003">
  <ItemGroup>
    <Filter Include="Resources">
      <UniqueIdentifier>40c3ef13-2145-451d-b3fc-a9e7ed3d7e83</UniqueIdentifier>
      <Extensions>rc;ico;cur;bmp;dlg;rc2;rct;bin;rgs;gif;jpg;jpeg;jpe;resx;tga;tiff;tif;png;wav;mfcribbon-ms</Extensions>
    </Filter>
  </ItemGroup>
  <ItemGroup>
    <ClCompile Include="pch.cpp" />
    <ClCompile Include="MessageBus_Interface.cpp" />
    <ClCompile Include="VECTOR_Interface.cpp" />
    <ClCompile Include="Lock_Interface.cpp" />
    <ClCompile Include="List_Interface.cpp" />
    <ClCompile Include="Condition_Interface.cpp" />
    <ClCompile Include="ThreadAPI_Interface.cpp" />
    <ClCompile Include="Message_Interface.cpp" />
    <ClCompile Include="Compatibiliity.cpp" />
    <ClCompile Include="ConstBuffer_Interface.cpp" />
    <ClCompile Include="MessageUwp.cpp" />
    <ClCompile Include="MessageBusUwp.cpp" />
    <ClCompile Include="ModuleUwp.cpp" />
    <ClCompile Include="Buffer_Interface.cpp" />
    <ClCompile Include="Map_Interface.cpp" />
    <ClCompile Include="Strings_Interface.cpp" />
    <ClCompile Include="ConstMap_Interface.cpp" />
    <ClCompile Include="CRT_Interface.cpp" />
    <ClCompile Include="Gateway_ll_Interface.cpp" />
    <ClCompile Include="Module_Loader_Interface.cpp" />
    <ClCompile Include="GatewayUwp.cpp" />
  </ItemGroup>
  <ItemGroup>
    <ClInclude Include="pch.h" />
    <ClInclude Include="MessageUwp.h" />
    <ClInclude Include="MessageBusUwp.h" />
    <ClInclude Include="ModuleUwp.h" />
    <ClInclude Include="GatewayUwp.h" />
  </ItemGroup>
</Project>